// !$*UTF8*$!
{
	archiveVersion = 1;
	classes = {
	};
	objectVersion = 56;
	objects = {

/* Begin PBXBuildFile section */
		9856B608D26B5C39D6BDF8F1 /* Pods_PlanDoList.framework in Frameworks */ = {isa = PBXBuildFile; fileRef = E3BE12FCA81DCF61E553D47D /* Pods_PlanDoList.framework */; };
		9C13807729A4615F00BE1486 /* AppDelegate.swift in Sources */ = {isa = PBXBuildFile; fileRef = 9C13807629A4615F00BE1486 /* AppDelegate.swift */; };
		9C13807929A4615F00BE1486 /* SceneDelegate.swift in Sources */ = {isa = PBXBuildFile; fileRef = 9C13807829A4615F00BE1486 /* SceneDelegate.swift */; };
		9C13808329A4616100BE1486 /* Assets.xcassets in Resources */ = {isa = PBXBuildFile; fileRef = 9C13808229A4616100BE1486 /* Assets.xcassets */; };
		9C13808629A4616100BE1486 /* LaunchScreen.storyboard in Resources */ = {isa = PBXBuildFile; fileRef = 9C13808429A4616100BE1486 /* LaunchScreen.storyboard */; };
		9C13809029A4752300BE1486 /* CoreDataStack.swift in Sources */ = {isa = PBXBuildFile; fileRef = 9C13808F29A4752300BE1486 /* CoreDataStack.swift */; };
		9C13809929A47BEE00BE1486 /* Group+CoreDataClass.swift in Sources */ = {isa = PBXBuildFile; fileRef = 9C13809329A47BEE00BE1486 /* Group+CoreDataClass.swift */; };
		9C13809A29A47BEE00BE1486 /* List+CoreDataProperties.swift in Sources */ = {isa = PBXBuildFile; fileRef = 9C13809729A47BEE00BE1486 /* List+CoreDataProperties.swift */; };
		9C13809B29A47BEE00BE1486 /* Task+CoreDataProperties.swift in Sources */ = {isa = PBXBuildFile; fileRef = 9C13809829A47BEE00BE1486 /* Task+CoreDataProperties.swift */; };
		9C13809C29A47BEE00BE1486 /* Subtask+CoreDataProperties.swift in Sources */ = {isa = PBXBuildFile; fileRef = 9C13809129A47BEE00BE1486 /* Subtask+CoreDataProperties.swift */; };
		9C13809D29A47BEE00BE1486 /* Task+CoreDataClass.swift in Sources */ = {isa = PBXBuildFile; fileRef = 9C13809429A47BEE00BE1486 /* Task+CoreDataClass.swift */; };
		9C13809F29A47BEE00BE1486 /* List+CoreDataClass.swift in Sources */ = {isa = PBXBuildFile; fileRef = 9C13809629A47BEE00BE1486 /* List+CoreDataClass.swift */; };
		9C1380A029A47BEE00BE1486 /* Subtask+CoreDataClass.swift in Sources */ = {isa = PBXBuildFile; fileRef = 9C13809529A47BEE00BE1486 /* Subtask+CoreDataClass.swift */; };
		9C1380A229A47E5100BE1486 /* GroupManager.swift in Sources */ = {isa = PBXBuildFile; fileRef = 9C1380A129A47E5100BE1486 /* GroupManager.swift */; };
		9C1380AA29A489ED00BE1486 /* HomePresenter.swift in Sources */ = {isa = PBXBuildFile; fileRef = 9C1380A929A489ED00BE1486 /* HomePresenter.swift */; };
		9C1380AC29A489F800BE1486 /* HomeView.swift in Sources */ = {isa = PBXBuildFile; fileRef = 9C1380AB29A489F800BE1486 /* HomeView.swift */; };
		9C1380AE29A48A0500BE1486 /* HomeViewController.swift in Sources */ = {isa = PBXBuildFile; fileRef = 9C1380AD29A48A0500BE1486 /* HomeViewController.swift */; };
		9C1380B029A48A6100BE1486 /* MainCoordinator.swift in Sources */ = {isa = PBXBuildFile; fileRef = 9C1380AF29A48A6100BE1486 /* MainCoordinator.swift */; };
		9C1380B229A48A6C00BE1486 /* MainBuilder.swift in Sources */ = {isa = PBXBuildFile; fileRef = 9C1380B129A48A6C00BE1486 /* MainBuilder.swift */; };
		9C1380B429A48E0100BE1486 /* Coordinator.swift in Sources */ = {isa = PBXBuildFile; fileRef = 9C1380B329A48E0100BE1486 /* Coordinator.swift */; };
		9C2B2AF829A76DCE00BD8F63 /* HomeCollectionViewCell.swift in Sources */ = {isa = PBXBuildFile; fileRef = 9C2B2AF729A76DCE00BD8F63 /* HomeCollectionViewCell.swift */; };
		9C2B2AFA29A7702B00BD8F63 /* HomeViewModel.swift in Sources */ = {isa = PBXBuildFile; fileRef = 9C2B2AF929A7702B00BD8F63 /* HomeViewModel.swift */; };
		9C2B2AFE29AB159E00BD8F63 /* ListViewController.swift in Sources */ = {isa = PBXBuildFile; fileRef = 9C2B2AFD29AB159E00BD8F63 /* ListViewController.swift */; };
		9C2B2B0229AB15C600BD8F63 /* ListPresenter.swift in Sources */ = {isa = PBXBuildFile; fileRef = 9C2B2B0129AB15C600BD8F63 /* ListPresenter.swift */; };
		9C2B2B0529AB202200BD8F63 /* ListView.swift in Sources */ = {isa = PBXBuildFile; fileRef = 9C2B2B0429AB202200BD8F63 /* ListView.swift */; };
		9C2B2B0729ABA8D400BD8F63 /* ListManager.swift in Sources */ = {isa = PBXBuildFile; fileRef = 9C2B2B0629ABA8D400BD8F63 /* ListManager.swift */; };
		9C2B2B0929ABADB000BD8F63 /* ModelManagerBuilder.swift in Sources */ = {isa = PBXBuildFile; fileRef = 9C2B2B0829ABADB000BD8F63 /* ModelManagerBuilder.swift */; };
		9C2B2B0B29AE2E9D00BD8F63 /* TaskTableViewCell.swift in Sources */ = {isa = PBXBuildFile; fileRef = 9C2B2B0A29AE2E9D00BD8F63 /* TaskTableViewCell.swift */; };
		9C2B2B0E29AF0DF700BD8F63 /* AddTaskViewController.swift in Sources */ = {isa = PBXBuildFile; fileRef = 9C2B2B0D29AF0DF700BD8F63 /* AddTaskViewController.swift */; };
		9C2B2B1129AF0E0D00BD8F63 /* AddTaskView.swift in Sources */ = {isa = PBXBuildFile; fileRef = 9C2B2B1029AF0E0D00BD8F63 /* AddTaskView.swift */; };
		9C2B2B1329AF0E1800BD8F63 /* AddTaskPresenter.swift in Sources */ = {isa = PBXBuildFile; fileRef = 9C2B2B1229AF0E1800BD8F63 /* AddTaskPresenter.swift */; };
		9C3D1A2829C7EFAE001DABCC /* IncomeViewController.swift in Sources */ = {isa = PBXBuildFile; fileRef = 9C3D1A2729C7EFAE001DABCC /* IncomeViewController.swift */; };
		9C3D1A2C29C7EFCA001DABCC /* IncomeView.swift in Sources */ = {isa = PBXBuildFile; fileRef = 9C3D1A2B29C7EFCA001DABCC /* IncomeView.swift */; };
		9C3D1A2E29C7EFD9001DABCC /* IncomeListPresenter.swift in Sources */ = {isa = PBXBuildFile; fileRef = 9C3D1A2D29C7EFD9001DABCC /* IncomeListPresenter.swift */; };
		9C3D1A3129C7F4E2001DABCC /* IncomeListManager.swift in Sources */ = {isa = PBXBuildFile; fileRef = 9C3D1A3029C7F4E2001DABCC /* IncomeListManager.swift */; };
		9C3D1A3629C94767001DABCC /* BasicListViewController.swift in Sources */ = {isa = PBXBuildFile; fileRef = 9C3D1A3529C94767001DABCC /* BasicListViewController.swift */; };
		9C3D1A3829C949DA001DABCC /* BasicListView.swift in Sources */ = {isa = PBXBuildFile; fileRef = 9C3D1A3729C949DA001DABCC /* BasicListView.swift */; };
		9C3D1A3B29C95D6C001DABCC /* ImportantViewController.swift in Sources */ = {isa = PBXBuildFile; fileRef = 9C3D1A3A29C95D6C001DABCC /* ImportantViewController.swift */; };
		9C3D1A3E29C95D7F001DABCC /* ImportantListView.swift in Sources */ = {isa = PBXBuildFile; fileRef = 9C3D1A3D29C95D7F001DABCC /* ImportantListView.swift */; };
		9C3D1A4029C95D8C001DABCC /* ImportantListPresenter.swift in Sources */ = {isa = PBXBuildFile; fileRef = 9C3D1A3F29C95D8C001DABCC /* ImportantListPresenter.swift */; };
		9C3D1A4329C95E86001DABCC /* ImportantListManager.swift in Sources */ = {isa = PBXBuildFile; fileRef = 9C3D1A4229C95E86001DABCC /* ImportantListManager.swift */; };
		9C3D1A4629C966B0001DABCC /* PlannedViewController.swift in Sources */ = {isa = PBXBuildFile; fileRef = 9C3D1A4529C966B0001DABCC /* PlannedViewController.swift */; };
		9C3D1A4929C966BE001DABCC /* PlannedView.swift in Sources */ = {isa = PBXBuildFile; fileRef = 9C3D1A4829C966BE001DABCC /* PlannedView.swift */; };
		9C3D1A4B29C966CB001DABCC /* PlannedListPresenter.swift in Sources */ = {isa = PBXBuildFile; fileRef = 9C3D1A4A29C966CB001DABCC /* PlannedListPresenter.swift */; };
		9C3D1A4E29C96796001DABCC /* PlannedListManager.swift in Sources */ = {isa = PBXBuildFile; fileRef = 9C3D1A4D29C96796001DABCC /* PlannedListManager.swift */; };
		9C44CCA829C0047C0007555E /* Group+CoreDataProperties.swift in Sources */ = {isa = PBXBuildFile; fileRef = 9C44CCA729C0047C0007555E /* Group+CoreDataProperties.swift */; };
		9C44CCAD29C011C70007555E /* PlanDoList.xcdatamodeld in Sources */ = {isa = PBXBuildFile; fileRef = 9C44CCAB29C011C70007555E /* PlanDoList.xcdatamodeld */; };
		9C6C1C2F29B4810600DBB1A2 /* TaskViewController.swift in Sources */ = {isa = PBXBuildFile; fileRef = 9C6C1C2E29B4810600DBB1A2 /* TaskViewController.swift */; };
		9C6C1C3229B4812900DBB1A2 /* TaskView.swift in Sources */ = {isa = PBXBuildFile; fileRef = 9C6C1C3129B4812900DBB1A2 /* TaskView.swift */; };
		9C6C1C3429B4813500DBB1A2 /* TaskPresenter.swift in Sources */ = {isa = PBXBuildFile; fileRef = 9C6C1C3329B4813500DBB1A2 /* TaskPresenter.swift */; };
		9C6C1C3729B481EA00DBB1A2 /* TaskManager.swift in Sources */ = {isa = PBXBuildFile; fileRef = 9C6C1C3629B481EA00DBB1A2 /* TaskManager.swift */; };
		9C6C1C3C29B50E3D00DBB1A2 /* SubtasksListCell.swift in Sources */ = {isa = PBXBuildFile; fileRef = 9C6C1C3B29B50E3D00DBB1A2 /* SubtasksListCell.swift */; };
		9C6C1C3E29B50E4F00DBB1A2 /* NewSubtaskCell.swift in Sources */ = {isa = PBXBuildFile; fileRef = 9C6C1C3D29B50E4F00DBB1A2 /* NewSubtaskCell.swift */; };
		9C6C1C4029B50E5F00DBB1A2 /* MyDayCell.swift in Sources */ = {isa = PBXBuildFile; fileRef = 9C6C1C3F29B50E5F00DBB1A2 /* MyDayCell.swift */; };
		9C6C1C4229B50E7F00DBB1A2 /* DateCell.swift in Sources */ = {isa = PBXBuildFile; fileRef = 9C6C1C4129B50E7E00DBB1A2 /* DateCell.swift */; };
		9C6C1C4429B50E9700DBB1A2 /* DatePickerCell.swift in Sources */ = {isa = PBXBuildFile; fileRef = 9C6C1C4329B50E9700DBB1A2 /* DatePickerCell.swift */; };
		9C6C1C4629B50EAD00DBB1A2 /* AttachementsCell.swift in Sources */ = {isa = PBXBuildFile; fileRef = 9C6C1C4529B50EAD00DBB1A2 /* AttachementsCell.swift */; };
		9C6C1C4829B50EB800DBB1A2 /* NotesCell.swift in Sources */ = {isa = PBXBuildFile; fileRef = 9C6C1C4729B50EB800DBB1A2 /* NotesCell.swift */; };
		9C6C1C4A29B6CEEF00DBB1A2 /* SubtaskTableViewDataSource.swift in Sources */ = {isa = PBXBuildFile; fileRef = 9C6C1C4929B6CEEF00DBB1A2 /* SubtaskTableViewDataSource.swift */; };
		9C6C1C4C29B6D06E00DBB1A2 /* SubtaskTableViewCell.swift in Sources */ = {isa = PBXBuildFile; fileRef = 9C6C1C4B29B6D06E00DBB1A2 /* SubtaskTableViewCell.swift */; };
		9C6C1C4E29B6D5B100DBB1A2 /* AppConstants.swift in Sources */ = {isa = PBXBuildFile; fileRef = 9C6C1C4D29B6D5B100DBB1A2 /* AppConstants.swift */; };
		9CA22D3929C14CA900FC83C6 /* ListHeaderView.swift in Sources */ = {isa = PBXBuildFile; fileRef = 9CA22D3829C14CA900FC83C6 /* ListHeaderView.swift */; };
		9CA22D3C29C17B1200FC83C6 /* MyDayViewController.swift in Sources */ = {isa = PBXBuildFile; fileRef = 9CA22D3B29C17B1200FC83C6 /* MyDayViewController.swift */; };
		9CA22D3E29C17B2A00FC83C6 /* MyDayView.swift in Sources */ = {isa = PBXBuildFile; fileRef = 9CA22D3D29C17B2A00FC83C6 /* MyDayView.swift */; };
		9CA22D4129C17B5300FC83C6 /* MyDayPresenter.swift in Sources */ = {isa = PBXBuildFile; fileRef = 9CA22D4029C17B5300FC83C6 /* MyDayPresenter.swift */; };
		9CA22D4429C17E6700FC83C6 /* MyDayListManager.swift in Sources */ = {isa = PBXBuildFile; fileRef = 9CA22D4329C17E6700FC83C6 /* MyDayListManager.swift */; };
		9CC4885E29C3EFDE004D66D6 /* BasicListPresenter.swift in Sources */ = {isa = PBXBuildFile; fileRef = 9CC4885D29C3EFDE004D66D6 /* BasicListPresenter.swift */; };
		9CC4886029C3F08A004D66D6 /* BasicListViewProtocol.swift in Sources */ = {isa = PBXBuildFile; fileRef = 9CC4885F29C3F08A004D66D6 /* BasicListViewProtocol.swift */; };
		9CC4886229C3F0A6004D66D6 /* BasicListManagerProtocol.swift in Sources */ = {isa = PBXBuildFile; fileRef = 9CC4886129C3F0A6004D66D6 /* BasicListManagerProtocol.swift */; };
		9CC4886529C3F3D6004D66D6 /* ListViewModel.swift in Sources */ = {isa = PBXBuildFile; fileRef = 9CC4886429C3F3D6004D66D6 /* ListViewModel.swift */; };
		B6465D6729CF61190029FD9B /* UIButton+Animations.swift in Sources */ = {isa = PBXBuildFile; fileRef = B6465D6629CF61190029FD9B /* UIButton+Animations.swift */; };
		B6465D6929CF73DE0029FD9B /* TaskCounter.swift in Sources */ = {isa = PBXBuildFile; fileRef = B6465D6829CF73DE0029FD9B /* TaskCounter.swift */; };
		B6465D6D29D139C90029FD9B /* UIStackView + isHidden.swift in Sources */ = {isa = PBXBuildFile; fileRef = B6465D6C29D139C90029FD9B /* UIStackView + isHidden.swift */; };
		B6465D6F29D1F8570029FD9B /* ThemePickerView.swift in Sources */ = {isa = PBXBuildFile; fileRef = B6465D6E29D1F8570029FD9B /* ThemePickerView.swift */; };
		B6465D7129D1F86A0029FD9B /* ThemePickerViewController.swift in Sources */ = {isa = PBXBuildFile; fileRef = B6465D7029D1F86A0029FD9B /* ThemePickerViewController.swift */; };
		B6465D7529D1F88E0029FD9B /* ThemePickerPresenter.swift in Sources */ = {isa = PBXBuildFile; fileRef = B6465D7429D1F88E0029FD9B /* ThemePickerPresenter.swift */; };
		B6465D7829D206960029FD9B /* BottomSheetView.swift in Sources */ = {isa = PBXBuildFile; fileRef = B6465D7729D206960029FD9B /* BottomSheetView.swift */; };
		B6465D7A29D3C9840029FD9B /* ThemePickerViewModel.swift in Sources */ = {isa = PBXBuildFile; fileRef = B6465D7929D3C9840029FD9B /* ThemePickerViewModel.swift */; };
		B6465D7D29D3CBA10029FD9B /* ColorTheme.swift in Sources */ = {isa = PBXBuildFile; fileRef = B6465D7C29D3CBA10029FD9B /* ColorTheme.swift */; };
		B6465D7F29D3CE8C0029FD9B /* ThemePickerCollectionVIewCell.swift in Sources */ = {isa = PBXBuildFile; fileRef = B6465D7E29D3CE8C0029FD9B /* ThemePickerCollectionVIewCell.swift */; };
		B6465D8129D3D1850029FD9B /* SelectionView.swift in Sources */ = {isa = PBXBuildFile; fileRef = B6465D8029D3D1850029FD9B /* SelectionView.swift */; };
		B6465D8329D544180029FD9B /* ColorThemeAttributeTransformer.swift in Sources */ = {isa = PBXBuildFile; fileRef = B6465D8229D544180029FD9B /* ColorThemeAttributeTransformer.swift */; };
		B6465D8529DA7F930029FD9B /* TaskViewHeader.swift in Sources */ = {isa = PBXBuildFile; fileRef = B6465D8429DA7F930029FD9B /* TaskViewHeader.swift */; };
		B6B1E7D429CB5BBD007E4E00 /* UIColor+RGB.swift in Sources */ = {isa = PBXBuildFile; fileRef = B6B1E7D329CB5BBD007E4E00 /* UIColor+RGB.swift */; };
		B6D4F10729DBE822002553B8 /* NotificationManager.swift in Sources */ = {isa = PBXBuildFile; fileRef = B6D4F10629DBE822002553B8 /* NotificationManager.swift */; };
/* End PBXBuildFile section */

/* Begin PBXFileReference section */
		685F3B60D3C53BCFE1E7D5D8 /* Pods-PlanDoList.debug.xcconfig */ = {isa = PBXFileReference; includeInIndex = 1; lastKnownFileType = text.xcconfig; name = "Pods-PlanDoList.debug.xcconfig"; path = "Target Support Files/Pods-PlanDoList/Pods-PlanDoList.debug.xcconfig"; sourceTree = "<group>"; };
		841BC357EF6F06C073572DC8 /* Pods-PlanDoList.release.xcconfig */ = {isa = PBXFileReference; includeInIndex = 1; lastKnownFileType = text.xcconfig; name = "Pods-PlanDoList.release.xcconfig"; path = "Target Support Files/Pods-PlanDoList/Pods-PlanDoList.release.xcconfig"; sourceTree = "<group>"; };
		9C13807329A4615F00BE1486 /* PlanDoList.app */ = {isa = PBXFileReference; explicitFileType = wrapper.application; includeInIndex = 0; path = PlanDoList.app; sourceTree = BUILT_PRODUCTS_DIR; };
		9C13807629A4615F00BE1486 /* AppDelegate.swift */ = {isa = PBXFileReference; lastKnownFileType = sourcecode.swift; path = AppDelegate.swift; sourceTree = "<group>"; };
		9C13807829A4615F00BE1486 /* SceneDelegate.swift */ = {isa = PBXFileReference; lastKnownFileType = sourcecode.swift; path = SceneDelegate.swift; sourceTree = "<group>"; };
		9C13808229A4616100BE1486 /* Assets.xcassets */ = {isa = PBXFileReference; lastKnownFileType = folder.assetcatalog; path = Assets.xcassets; sourceTree = "<group>"; };
		9C13808529A4616100BE1486 /* Base */ = {isa = PBXFileReference; lastKnownFileType = file.storyboard; name = Base; path = Base.lproj/LaunchScreen.storyboard; sourceTree = "<group>"; };
		9C13808729A4616100BE1486 /* Info.plist */ = {isa = PBXFileReference; lastKnownFileType = text.plist.xml; path = Info.plist; sourceTree = "<group>"; };
		9C13808F29A4752300BE1486 /* CoreDataStack.swift */ = {isa = PBXFileReference; lastKnownFileType = sourcecode.swift; path = CoreDataStack.swift; sourceTree = "<group>"; };
		9C13809129A47BEE00BE1486 /* Subtask+CoreDataProperties.swift */ = {isa = PBXFileReference; lastKnownFileType = sourcecode.swift; path = "Subtask+CoreDataProperties.swift"; sourceTree = "<group>"; };
		9C13809329A47BEE00BE1486 /* Group+CoreDataClass.swift */ = {isa = PBXFileReference; lastKnownFileType = sourcecode.swift; path = "Group+CoreDataClass.swift"; sourceTree = "<group>"; };
		9C13809429A47BEE00BE1486 /* Task+CoreDataClass.swift */ = {isa = PBXFileReference; lastKnownFileType = sourcecode.swift; path = "Task+CoreDataClass.swift"; sourceTree = "<group>"; };
		9C13809529A47BEE00BE1486 /* Subtask+CoreDataClass.swift */ = {isa = PBXFileReference; lastKnownFileType = sourcecode.swift; path = "Subtask+CoreDataClass.swift"; sourceTree = "<group>"; };
		9C13809629A47BEE00BE1486 /* List+CoreDataClass.swift */ = {isa = PBXFileReference; lastKnownFileType = sourcecode.swift; path = "List+CoreDataClass.swift"; sourceTree = "<group>"; };
		9C13809729A47BEE00BE1486 /* List+CoreDataProperties.swift */ = {isa = PBXFileReference; lastKnownFileType = sourcecode.swift; path = "List+CoreDataProperties.swift"; sourceTree = "<group>"; };
		9C13809829A47BEE00BE1486 /* Task+CoreDataProperties.swift */ = {isa = PBXFileReference; lastKnownFileType = sourcecode.swift; path = "Task+CoreDataProperties.swift"; sourceTree = "<group>"; };
		9C1380A129A47E5100BE1486 /* GroupManager.swift */ = {isa = PBXFileReference; lastKnownFileType = sourcecode.swift; path = GroupManager.swift; sourceTree = "<group>"; };
		9C1380A929A489ED00BE1486 /* HomePresenter.swift */ = {isa = PBXFileReference; lastKnownFileType = sourcecode.swift; path = HomePresenter.swift; sourceTree = "<group>"; };
		9C1380AB29A489F800BE1486 /* HomeView.swift */ = {isa = PBXFileReference; lastKnownFileType = sourcecode.swift; path = HomeView.swift; sourceTree = "<group>"; };
		9C1380AD29A48A0500BE1486 /* HomeViewController.swift */ = {isa = PBXFileReference; lastKnownFileType = sourcecode.swift; path = HomeViewController.swift; sourceTree = "<group>"; };
		9C1380AF29A48A6100BE1486 /* MainCoordinator.swift */ = {isa = PBXFileReference; lastKnownFileType = sourcecode.swift; path = MainCoordinator.swift; sourceTree = "<group>"; };
		9C1380B129A48A6C00BE1486 /* MainBuilder.swift */ = {isa = PBXFileReference; lastKnownFileType = sourcecode.swift; path = MainBuilder.swift; sourceTree = "<group>"; };
		9C1380B329A48E0100BE1486 /* Coordinator.swift */ = {isa = PBXFileReference; lastKnownFileType = sourcecode.swift; path = Coordinator.swift; sourceTree = "<group>"; };
		9C2B2AF729A76DCE00BD8F63 /* HomeCollectionViewCell.swift */ = {isa = PBXFileReference; lastKnownFileType = sourcecode.swift; path = HomeCollectionViewCell.swift; sourceTree = "<group>"; };
		9C2B2AF929A7702B00BD8F63 /* HomeViewModel.swift */ = {isa = PBXFileReference; lastKnownFileType = sourcecode.swift; path = HomeViewModel.swift; sourceTree = "<group>"; };
		9C2B2AFD29AB159E00BD8F63 /* ListViewController.swift */ = {isa = PBXFileReference; lastKnownFileType = sourcecode.swift; path = ListViewController.swift; sourceTree = "<group>"; };
		9C2B2B0129AB15C600BD8F63 /* ListPresenter.swift */ = {isa = PBXFileReference; lastKnownFileType = sourcecode.swift; path = ListPresenter.swift; sourceTree = "<group>"; };
		9C2B2B0429AB202200BD8F63 /* ListView.swift */ = {isa = PBXFileReference; lastKnownFileType = sourcecode.swift; path = ListView.swift; sourceTree = "<group>"; };
		9C2B2B0629ABA8D400BD8F63 /* ListManager.swift */ = {isa = PBXFileReference; lastKnownFileType = sourcecode.swift; path = ListManager.swift; sourceTree = "<group>"; };
		9C2B2B0829ABADB000BD8F63 /* ModelManagerBuilder.swift */ = {isa = PBXFileReference; lastKnownFileType = sourcecode.swift; path = ModelManagerBuilder.swift; sourceTree = "<group>"; };
		9C2B2B0A29AE2E9D00BD8F63 /* TaskTableViewCell.swift */ = {isa = PBXFileReference; lastKnownFileType = sourcecode.swift; path = TaskTableViewCell.swift; sourceTree = "<group>"; };
		9C2B2B0D29AF0DF700BD8F63 /* AddTaskViewController.swift */ = {isa = PBXFileReference; lastKnownFileType = sourcecode.swift; path = AddTaskViewController.swift; sourceTree = "<group>"; };
		9C2B2B1029AF0E0D00BD8F63 /* AddTaskView.swift */ = {isa = PBXFileReference; lastKnownFileType = sourcecode.swift; path = AddTaskView.swift; sourceTree = "<group>"; };
		9C2B2B1229AF0E1800BD8F63 /* AddTaskPresenter.swift */ = {isa = PBXFileReference; lastKnownFileType = sourcecode.swift; path = AddTaskPresenter.swift; sourceTree = "<group>"; };
		9C3D1A2729C7EFAE001DABCC /* IncomeViewController.swift */ = {isa = PBXFileReference; lastKnownFileType = sourcecode.swift; path = IncomeViewController.swift; sourceTree = "<group>"; };
		9C3D1A2B29C7EFCA001DABCC /* IncomeView.swift */ = {isa = PBXFileReference; lastKnownFileType = sourcecode.swift; path = IncomeView.swift; sourceTree = "<group>"; };
		9C3D1A2D29C7EFD9001DABCC /* IncomeListPresenter.swift */ = {isa = PBXFileReference; lastKnownFileType = sourcecode.swift; path = IncomeListPresenter.swift; sourceTree = "<group>"; };
		9C3D1A3029C7F4E2001DABCC /* IncomeListManager.swift */ = {isa = PBXFileReference; lastKnownFileType = sourcecode.swift; path = IncomeListManager.swift; sourceTree = "<group>"; };
		9C3D1A3529C94767001DABCC /* BasicListViewController.swift */ = {isa = PBXFileReference; lastKnownFileType = sourcecode.swift; path = BasicListViewController.swift; sourceTree = "<group>"; };
		9C3D1A3729C949DA001DABCC /* BasicListView.swift */ = {isa = PBXFileReference; lastKnownFileType = sourcecode.swift; path = BasicListView.swift; sourceTree = "<group>"; };
		9C3D1A3A29C95D6C001DABCC /* ImportantViewController.swift */ = {isa = PBXFileReference; lastKnownFileType = sourcecode.swift; path = ImportantViewController.swift; sourceTree = "<group>"; };
		9C3D1A3D29C95D7F001DABCC /* ImportantListView.swift */ = {isa = PBXFileReference; lastKnownFileType = sourcecode.swift; path = ImportantListView.swift; sourceTree = "<group>"; };
		9C3D1A3F29C95D8C001DABCC /* ImportantListPresenter.swift */ = {isa = PBXFileReference; lastKnownFileType = sourcecode.swift; path = ImportantListPresenter.swift; sourceTree = "<group>"; };
		9C3D1A4229C95E86001DABCC /* ImportantListManager.swift */ = {isa = PBXFileReference; lastKnownFileType = sourcecode.swift; path = ImportantListManager.swift; sourceTree = "<group>"; };
		9C3D1A4529C966B0001DABCC /* PlannedViewController.swift */ = {isa = PBXFileReference; lastKnownFileType = sourcecode.swift; path = PlannedViewController.swift; sourceTree = "<group>"; };
		9C3D1A4829C966BE001DABCC /* PlannedView.swift */ = {isa = PBXFileReference; lastKnownFileType = sourcecode.swift; path = PlannedView.swift; sourceTree = "<group>"; };
		9C3D1A4A29C966CB001DABCC /* PlannedListPresenter.swift */ = {isa = PBXFileReference; lastKnownFileType = sourcecode.swift; path = PlannedListPresenter.swift; sourceTree = "<group>"; };
		9C3D1A4D29C96796001DABCC /* PlannedListManager.swift */ = {isa = PBXFileReference; lastKnownFileType = sourcecode.swift; path = PlannedListManager.swift; sourceTree = "<group>"; };
		9C44CCA729C0047C0007555E /* Group+CoreDataProperties.swift */ = {isa = PBXFileReference; lastKnownFileType = sourcecode.swift; path = "Group+CoreDataProperties.swift"; sourceTree = "<group>"; };
		9C44CCAC29C011C70007555E /* PlanDoList.xcdatamodel */ = {isa = PBXFileReference; lastKnownFileType = wrapper.xcdatamodel; path = PlanDoList.xcdatamodel; sourceTree = "<group>"; };
		9C6C1C2E29B4810600DBB1A2 /* TaskViewController.swift */ = {isa = PBXFileReference; lastKnownFileType = sourcecode.swift; path = TaskViewController.swift; sourceTree = "<group>"; };
		9C6C1C3129B4812900DBB1A2 /* TaskView.swift */ = {isa = PBXFileReference; lastKnownFileType = sourcecode.swift; path = TaskView.swift; sourceTree = "<group>"; };
		9C6C1C3329B4813500DBB1A2 /* TaskPresenter.swift */ = {isa = PBXFileReference; lastKnownFileType = sourcecode.swift; path = TaskPresenter.swift; sourceTree = "<group>"; };
		9C6C1C3629B481EA00DBB1A2 /* TaskManager.swift */ = {isa = PBXFileReference; lastKnownFileType = sourcecode.swift; path = TaskManager.swift; sourceTree = "<group>"; };
		9C6C1C3B29B50E3D00DBB1A2 /* SubtasksListCell.swift */ = {isa = PBXFileReference; lastKnownFileType = sourcecode.swift; path = SubtasksListCell.swift; sourceTree = "<group>"; };
		9C6C1C3D29B50E4F00DBB1A2 /* NewSubtaskCell.swift */ = {isa = PBXFileReference; lastKnownFileType = sourcecode.swift; path = NewSubtaskCell.swift; sourceTree = "<group>"; };
		9C6C1C3F29B50E5F00DBB1A2 /* MyDayCell.swift */ = {isa = PBXFileReference; lastKnownFileType = sourcecode.swift; path = MyDayCell.swift; sourceTree = "<group>"; };
		9C6C1C4129B50E7E00DBB1A2 /* DateCell.swift */ = {isa = PBXFileReference; lastKnownFileType = sourcecode.swift; path = DateCell.swift; sourceTree = "<group>"; };
		9C6C1C4329B50E9700DBB1A2 /* DatePickerCell.swift */ = {isa = PBXFileReference; lastKnownFileType = sourcecode.swift; path = DatePickerCell.swift; sourceTree = "<group>"; };
		9C6C1C4529B50EAD00DBB1A2 /* AttachementsCell.swift */ = {isa = PBXFileReference; lastKnownFileType = sourcecode.swift; path = AttachementsCell.swift; sourceTree = "<group>"; };
		9C6C1C4729B50EB800DBB1A2 /* NotesCell.swift */ = {isa = PBXFileReference; lastKnownFileType = sourcecode.swift; path = NotesCell.swift; sourceTree = "<group>"; };
		9C6C1C4929B6CEEF00DBB1A2 /* SubtaskTableViewDataSource.swift */ = {isa = PBXFileReference; lastKnownFileType = sourcecode.swift; path = SubtaskTableViewDataSource.swift; sourceTree = "<group>"; };
		9C6C1C4B29B6D06E00DBB1A2 /* SubtaskTableViewCell.swift */ = {isa = PBXFileReference; lastKnownFileType = sourcecode.swift; path = SubtaskTableViewCell.swift; sourceTree = "<group>"; };
		9C6C1C4D29B6D5B100DBB1A2 /* AppConstants.swift */ = {isa = PBXFileReference; lastKnownFileType = sourcecode.swift; path = AppConstants.swift; sourceTree = "<group>"; };
		9CA22D3829C14CA900FC83C6 /* ListHeaderView.swift */ = {isa = PBXFileReference; lastKnownFileType = sourcecode.swift; path = ListHeaderView.swift; sourceTree = "<group>"; };
		9CA22D3B29C17B1200FC83C6 /* MyDayViewController.swift */ = {isa = PBXFileReference; lastKnownFileType = sourcecode.swift; path = MyDayViewController.swift; sourceTree = "<group>"; };
		9CA22D3D29C17B2A00FC83C6 /* MyDayView.swift */ = {isa = PBXFileReference; lastKnownFileType = sourcecode.swift; path = MyDayView.swift; sourceTree = "<group>"; };
		9CA22D4029C17B5300FC83C6 /* MyDayPresenter.swift */ = {isa = PBXFileReference; lastKnownFileType = sourcecode.swift; path = MyDayPresenter.swift; sourceTree = "<group>"; };
		9CA22D4329C17E6700FC83C6 /* MyDayListManager.swift */ = {isa = PBXFileReference; lastKnownFileType = sourcecode.swift; path = MyDayListManager.swift; sourceTree = "<group>"; };
		9CC4885D29C3EFDE004D66D6 /* BasicListPresenter.swift */ = {isa = PBXFileReference; lastKnownFileType = sourcecode.swift; path = BasicListPresenter.swift; sourceTree = "<group>"; };
		9CC4885F29C3F08A004D66D6 /* BasicListViewProtocol.swift */ = {isa = PBXFileReference; lastKnownFileType = sourcecode.swift; path = BasicListViewProtocol.swift; sourceTree = "<group>"; };
		9CC4886129C3F0A6004D66D6 /* BasicListManagerProtocol.swift */ = {isa = PBXFileReference; lastKnownFileType = sourcecode.swift; path = BasicListManagerProtocol.swift; sourceTree = "<group>"; };
		9CC4886429C3F3D6004D66D6 /* ListViewModel.swift */ = {isa = PBXFileReference; lastKnownFileType = sourcecode.swift; path = ListViewModel.swift; sourceTree = "<group>"; };
		B6465D6629CF61190029FD9B /* UIButton+Animations.swift */ = {isa = PBXFileReference; lastKnownFileType = sourcecode.swift; path = "UIButton+Animations.swift"; sourceTree = "<group>"; };
		B6465D6829CF73DE0029FD9B /* TaskCounter.swift */ = {isa = PBXFileReference; lastKnownFileType = sourcecode.swift; path = TaskCounter.swift; sourceTree = "<group>"; };
		B6465D6C29D139C90029FD9B /* UIStackView + isHidden.swift */ = {isa = PBXFileReference; lastKnownFileType = sourcecode.swift; path = "UIStackView + isHidden.swift"; sourceTree = "<group>"; };
		B6465D6E29D1F8570029FD9B /* ThemePickerView.swift */ = {isa = PBXFileReference; lastKnownFileType = sourcecode.swift; path = ThemePickerView.swift; sourceTree = "<group>"; };
		B6465D7029D1F86A0029FD9B /* ThemePickerViewController.swift */ = {isa = PBXFileReference; lastKnownFileType = sourcecode.swift; path = ThemePickerViewController.swift; sourceTree = "<group>"; };
		B6465D7429D1F88E0029FD9B /* ThemePickerPresenter.swift */ = {isa = PBXFileReference; lastKnownFileType = sourcecode.swift; path = ThemePickerPresenter.swift; sourceTree = "<group>"; };
		B6465D7729D206960029FD9B /* BottomSheetView.swift */ = {isa = PBXFileReference; lastKnownFileType = sourcecode.swift; path = BottomSheetView.swift; sourceTree = "<group>"; };
		B6465D7929D3C9840029FD9B /* ThemePickerViewModel.swift */ = {isa = PBXFileReference; lastKnownFileType = sourcecode.swift; path = ThemePickerViewModel.swift; sourceTree = "<group>"; };
		B6465D7C29D3CBA10029FD9B /* ColorTheme.swift */ = {isa = PBXFileReference; lastKnownFileType = sourcecode.swift; path = ColorTheme.swift; sourceTree = "<group>"; };
		B6465D7E29D3CE8C0029FD9B /* ThemePickerCollectionVIewCell.swift */ = {isa = PBXFileReference; lastKnownFileType = sourcecode.swift; path = ThemePickerCollectionVIewCell.swift; sourceTree = "<group>"; };
		B6465D8029D3D1850029FD9B /* SelectionView.swift */ = {isa = PBXFileReference; lastKnownFileType = sourcecode.swift; path = SelectionView.swift; sourceTree = "<group>"; };
		B6465D8229D544180029FD9B /* ColorThemeAttributeTransformer.swift */ = {isa = PBXFileReference; lastKnownFileType = sourcecode.swift; path = ColorThemeAttributeTransformer.swift; sourceTree = "<group>"; };
		B6465D8429DA7F930029FD9B /* TaskViewHeader.swift */ = {isa = PBXFileReference; lastKnownFileType = sourcecode.swift; path = TaskViewHeader.swift; sourceTree = "<group>"; };
		B6B1E7D329CB5BBD007E4E00 /* UIColor+RGB.swift */ = {isa = PBXFileReference; lastKnownFileType = sourcecode.swift; path = "UIColor+RGB.swift"; sourceTree = "<group>"; };
		B6D4F10629DBE822002553B8 /* NotificationManager.swift */ = {isa = PBXFileReference; lastKnownFileType = sourcecode.swift; path = NotificationManager.swift; sourceTree = "<group>"; };
		E3BE12FCA81DCF61E553D47D /* Pods_PlanDoList.framework */ = {isa = PBXFileReference; explicitFileType = wrapper.framework; includeInIndex = 0; path = Pods_PlanDoList.framework; sourceTree = BUILT_PRODUCTS_DIR; };
/* End PBXFileReference section */

/* Begin PBXFrameworksBuildPhase section */
		9C13807029A4615F00BE1486 /* Frameworks */ = {
			isa = PBXFrameworksBuildPhase;
			buildActionMask = 2147483647;
			files = (
				9856B608D26B5C39D6BDF8F1 /* Pods_PlanDoList.framework in Frameworks */,
			);
			runOnlyForDeploymentPostprocessing = 0;
		};
/* End PBXFrameworksBuildPhase section */

/* Begin PBXGroup section */
		064FE88CA08F2358A0C5131F /* Pods */ = {
			isa = PBXGroup;
			children = (
				685F3B60D3C53BCFE1E7D5D8 /* Pods-PlanDoList.debug.xcconfig */,
				841BC357EF6F06C073572DC8 /* Pods-PlanDoList.release.xcconfig */,
			);
			path = Pods;
			sourceTree = "<group>";
		};
		9C13806A29A4615F00BE1486 = {
			isa = PBXGroup;
			children = (
				9C13807529A4615F00BE1486 /* PlanDoList */,
				9C13807429A4615F00BE1486 /* Products */,
				064FE88CA08F2358A0C5131F /* Pods */,
				B15A1AB1FCA9036CDD8D819B /* Frameworks */,
			);
			sourceTree = "<group>";
		};
		9C13807429A4615F00BE1486 /* Products */ = {
			isa = PBXGroup;
			children = (
				9C13807329A4615F00BE1486 /* PlanDoList.app */,
			);
			name = Products;
			sourceTree = "<group>";
		};
		9C13807529A4615F00BE1486 /* PlanDoList */ = {
			isa = PBXGroup;
			children = (
				9C1380A429A4896000BE1486 /* Modules */,
				9C13808E29A4750C00BE1486 /* Model */,
				9C1380A329A47E5700BE1486 /* Managers */,
				9C13808D29A463FA00BE1486 /* Application */,
				9C13808229A4616100BE1486 /* Assets.xcassets */,
				9C13808429A4616100BE1486 /* LaunchScreen.storyboard */,
				9C13808729A4616100BE1486 /* Info.plist */,
				9C44CCAB29C011C70007555E /* PlanDoList.xcdatamodeld */,
			);
			path = PlanDoList;
			sourceTree = "<group>";
		};
		9C13808D29A463FA00BE1486 /* Application */ = {
			isa = PBXGroup;
			children = (
				9C13807629A4615F00BE1486 /* AppDelegate.swift */,
				9C13807829A4615F00BE1486 /* SceneDelegate.swift */,
				9C1380B329A48E0100BE1486 /* Coordinator.swift */,
				9C1380AF29A48A6100BE1486 /* MainCoordinator.swift */,
				9C1380B129A48A6C00BE1486 /* MainBuilder.swift */,
				9C6C1C4D29B6D5B100DBB1A2 /* AppConstants.swift */,
				B6B1E7D329CB5BBD007E4E00 /* UIColor+RGB.swift */,
				B6465D6629CF61190029FD9B /* UIButton+Animations.swift */,
				B6465D6C29D139C90029FD9B /* UIStackView + isHidden.swift */,
				B6465D7729D206960029FD9B /* BottomSheetView.swift */,
			);
			path = Application;
			sourceTree = "<group>";
		};
		9C13808E29A4750C00BE1486 /* Model */ = {
			isa = PBXGroup;
			children = (
				9C13808F29A4752300BE1486 /* CoreDataStack.swift */,
				9C13809429A47BEE00BE1486 /* Task+CoreDataClass.swift */,
				9C13809829A47BEE00BE1486 /* Task+CoreDataProperties.swift */,
				9C13809629A47BEE00BE1486 /* List+CoreDataClass.swift */,
				9C13809729A47BEE00BE1486 /* List+CoreDataProperties.swift */,
				9C13809329A47BEE00BE1486 /* Group+CoreDataClass.swift */,
				9C44CCA729C0047C0007555E /* Group+CoreDataProperties.swift */,
				9C13809529A47BEE00BE1486 /* Subtask+CoreDataClass.swift */,
				9C13809129A47BEE00BE1486 /* Subtask+CoreDataProperties.swift */,
			);
			path = Model;
			sourceTree = "<group>";
		};
		9C1380A329A47E5700BE1486 /* Managers */ = {
			isa = PBXGroup;
			children = (
				B6D4F10429DBE722002553B8 /* ModelManagers */,
				B6D4F10629DBE822002553B8 /* NotificationManager.swift */,
			);
			path = Managers;
			sourceTree = "<group>";
		};
		9C1380A429A4896000BE1486 /* Modules */ = {
			isa = PBXGroup;
			children = (
				9CC4885C29C3EFBB004D66D6 /* BasicListsScreens */,
				9C1380A529A4896E00BE1486 /* HomeScreen */,
				9C2B2AFF29AB15A300BD8F63 /* ListScreen */,
				9C2B2B0C29AF0DCE00BD8F63 /* AddTaskScreen */,
				9C6C1C2D29B480ED00DBB1A2 /* TaskScreen */,
				B6465D7229D1F86F0029FD9B /* ThemePickerScreen */,
			);
			path = Modules;
			sourceTree = "<group>";
		};
		9C1380A529A4896E00BE1486 /* HomeScreen */ = {
			isa = PBXGroup;
			children = (
				9C1380A729A4898A00BE1486 /* Presenter */,
				9C1380A629A4898200BE1486 /* View */,
				9C2B2AFC29A7703C00BD8F63 /* Model */,
			);
			path = HomeScreen;
			sourceTree = "<group>";
		};
		9C1380A629A4898200BE1486 /* View */ = {
			isa = PBXGroup;
			children = (
				9C1380AB29A489F800BE1486 /* HomeView.swift */,
				9C1380AD29A48A0500BE1486 /* HomeViewController.swift */,
				9C2B2AF729A76DCE00BD8F63 /* HomeCollectionViewCell.swift */,
			);
			path = View;
			sourceTree = "<group>";
		};
		9C1380A729A4898A00BE1486 /* Presenter */ = {
			isa = PBXGroup;
			children = (
				9C1380A929A489ED00BE1486 /* HomePresenter.swift */,
			);
			path = Presenter;
			sourceTree = "<group>";
		};
		9C2B2AFC29A7703C00BD8F63 /* Model */ = {
			isa = PBXGroup;
			children = (
				9C2B2AF929A7702B00BD8F63 /* HomeViewModel.swift */,
			);
			path = Model;
			sourceTree = "<group>";
		};
		9C2B2AFF29AB15A300BD8F63 /* ListScreen */ = {
			isa = PBXGroup;
			children = (
				9CC4886329C3F3BF004D66D6 /* Model */,
				9C2B2B0029AB15B100BD8F63 /* View */,
				9C2B2B0329AB15CD00BD8F63 /* Presenter */,
			);
			path = ListScreen;
			sourceTree = "<group>";
		};
		9C2B2B0029AB15B100BD8F63 /* View */ = {
			isa = PBXGroup;
			children = (
				9C2B2AFD29AB159E00BD8F63 /* ListViewController.swift */,
				9C2B2B0429AB202200BD8F63 /* ListView.swift */,
				9C2B2B0A29AE2E9D00BD8F63 /* TaskTableViewCell.swift */,
				9CA22D3829C14CA900FC83C6 /* ListHeaderView.swift */,
			);
			path = View;
			sourceTree = "<group>";
		};
		9C2B2B0329AB15CD00BD8F63 /* Presenter */ = {
			isa = PBXGroup;
			children = (
				9C2B2B0129AB15C600BD8F63 /* ListPresenter.swift */,
			);
			path = Presenter;
			sourceTree = "<group>";
		};
		9C2B2B0C29AF0DCE00BD8F63 /* AddTaskScreen */ = {
			isa = PBXGroup;
			children = (
				9C2B2B0F29AF0E0100BD8F63 /* View */,
				9C2B2B1429AF0E1D00BD8F63 /* Presenter */,
			);
			path = AddTaskScreen;
			sourceTree = "<group>";
		};
		9C2B2B0F29AF0E0100BD8F63 /* View */ = {
			isa = PBXGroup;
			children = (
				9C2B2B0D29AF0DF700BD8F63 /* AddTaskViewController.swift */,
				9C2B2B1029AF0E0D00BD8F63 /* AddTaskView.swift */,
			);
			path = View;
			sourceTree = "<group>";
		};
		9C2B2B1429AF0E1D00BD8F63 /* Presenter */ = {
			isa = PBXGroup;
			children = (
				9C2B2B1229AF0E1800BD8F63 /* AddTaskPresenter.swift */,
			);
			path = Presenter;
			sourceTree = "<group>";
		};
		9C3D1A2929C7EFB4001DABCC /* IncomeScreen */ = {
			isa = PBXGroup;
			children = (
				9C3D1A2A29C7EFC1001DABCC /* View */,
				9C3D1A2F29C7EFDF001DABCC /* Presenter */,
			);
			path = IncomeScreen;
			sourceTree = "<group>";
		};
		9C3D1A2A29C7EFC1001DABCC /* View */ = {
			isa = PBXGroup;
			children = (
				9C3D1A2729C7EFAE001DABCC /* IncomeViewController.swift */,
				9C3D1A2B29C7EFCA001DABCC /* IncomeView.swift */,
			);
			path = View;
			sourceTree = "<group>";
		};
		9C3D1A2F29C7EFDF001DABCC /* Presenter */ = {
			isa = PBXGroup;
			children = (
				9C3D1A2D29C7EFD9001DABCC /* IncomeListPresenter.swift */,
			);
			path = Presenter;
			sourceTree = "<group>";
		};
		9C3D1A3929C95D24001DABCC /* ImportantScreen */ = {
			isa = PBXGroup;
			children = (
				9C3D1A3C29C95D74001DABCC /* View */,
				9C3D1A4129C95D92001DABCC /* Presenter */,
			);
			path = ImportantScreen;
			sourceTree = "<group>";
		};
		9C3D1A3C29C95D74001DABCC /* View */ = {
			isa = PBXGroup;
			children = (
				9C3D1A3A29C95D6C001DABCC /* ImportantViewController.swift */,
				9C3D1A3D29C95D7F001DABCC /* ImportantListView.swift */,
			);
			path = View;
			sourceTree = "<group>";
		};
		9C3D1A4129C95D92001DABCC /* Presenter */ = {
			isa = PBXGroup;
			children = (
				9C3D1A3F29C95D8C001DABCC /* ImportantListPresenter.swift */,
			);
			path = Presenter;
			sourceTree = "<group>";
		};
		9C3D1A4429C96524001DABCC /* PlannedScreen */ = {
			isa = PBXGroup;
			children = (
				9C3D1A4729C966B4001DABCC /* View */,
				9C3D1A4C29C966CF001DABCC /* Presenter */,
			);
			path = PlannedScreen;
			sourceTree = "<group>";
		};
		9C3D1A4729C966B4001DABCC /* View */ = {
			isa = PBXGroup;
			children = (
				9C3D1A4529C966B0001DABCC /* PlannedViewController.swift */,
				9C3D1A4829C966BE001DABCC /* PlannedView.swift */,
			);
			path = View;
			sourceTree = "<group>";
		};
		9C3D1A4C29C966CF001DABCC /* Presenter */ = {
			isa = PBXGroup;
			children = (
				9C3D1A4A29C966CB001DABCC /* PlannedListPresenter.swift */,
			);
			path = Presenter;
			sourceTree = "<group>";
		};
		9C6C1C2D29B480ED00DBB1A2 /* TaskScreen */ = {
			isa = PBXGroup;
			children = (
				9C6C1C3029B4810D00DBB1A2 /* View */,
				9C6C1C3529B4813900DBB1A2 /* Presenter */,
			);
			path = TaskScreen;
			sourceTree = "<group>";
		};
		9C6C1C3029B4810D00DBB1A2 /* View */ = {
			isa = PBXGroup;
			children = (
				9C6C1C2E29B4810600DBB1A2 /* TaskViewController.swift */,
				9C6C1C3129B4812900DBB1A2 /* TaskView.swift */,
				B6465D8429DA7F930029FD9B /* TaskViewHeader.swift */,
				9C6C1C4929B6CEEF00DBB1A2 /* SubtaskTableViewDataSource.swift */,
				9C6C1C3A29B50E2800DBB1A2 /* Cells */,
			);
			path = View;
			sourceTree = "<group>";
		};
		9C6C1C3529B4813900DBB1A2 /* Presenter */ = {
			isa = PBXGroup;
			children = (
				9C6C1C3329B4813500DBB1A2 /* TaskPresenter.swift */,
			);
			path = Presenter;
			sourceTree = "<group>";
		};
		9C6C1C3A29B50E2800DBB1A2 /* Cells */ = {
			isa = PBXGroup;
			children = (
				9C6C1C3B29B50E3D00DBB1A2 /* SubtasksListCell.swift */,
				9C6C1C3D29B50E4F00DBB1A2 /* NewSubtaskCell.swift */,
				9C6C1C3F29B50E5F00DBB1A2 /* MyDayCell.swift */,
				9C6C1C4129B50E7E00DBB1A2 /* DateCell.swift */,
				9C6C1C4329B50E9700DBB1A2 /* DatePickerCell.swift */,
				9C6C1C4529B50EAD00DBB1A2 /* AttachementsCell.swift */,
				9C6C1C4729B50EB800DBB1A2 /* NotesCell.swift */,
				9C6C1C4B29B6D06E00DBB1A2 /* SubtaskTableViewCell.swift */,
			);
			path = Cells;
			sourceTree = "<group>";
		};
		9CA22D3A29C17AEE00FC83C6 /* MyDayScreen */ = {
			isa = PBXGroup;
			children = (
				9CA22D3F29C17B4200FC83C6 /* View */,
				9CA22D4229C17B5A00FC83C6 /* Presenter */,
			);
			path = MyDayScreen;
			sourceTree = "<group>";
		};
		9CA22D3F29C17B4200FC83C6 /* View */ = {
			isa = PBXGroup;
			children = (
				9CA22D3B29C17B1200FC83C6 /* MyDayViewController.swift */,
				9CA22D3D29C17B2A00FC83C6 /* MyDayView.swift */,
			);
			path = View;
			sourceTree = "<group>";
		};
		9CA22D4229C17B5A00FC83C6 /* Presenter */ = {
			isa = PBXGroup;
			children = (
				9CA22D4029C17B5300FC83C6 /* MyDayPresenter.swift */,
			);
			path = Presenter;
			sourceTree = "<group>";
		};
		9CC4885C29C3EFBB004D66D6 /* BasicListsScreens */ = {
			isa = PBXGroup;
			children = (
				9C3D1A3529C94767001DABCC /* BasicListViewController.swift */,
				9C3D1A3729C949DA001DABCC /* BasicListView.swift */,
				9CC4885D29C3EFDE004D66D6 /* BasicListPresenter.swift */,
				9CC4885F29C3F08A004D66D6 /* BasicListViewProtocol.swift */,
				9CA22D3A29C17AEE00FC83C6 /* MyDayScreen */,
				9C3D1A2929C7EFB4001DABCC /* IncomeScreen */,
				9C3D1A3929C95D24001DABCC /* ImportantScreen */,
				9C3D1A4429C96524001DABCC /* PlannedScreen */,
			);
			path = BasicListsScreens;
			sourceTree = "<group>";
		};
		9CC4886329C3F3BF004D66D6 /* Model */ = {
			isa = PBXGroup;
			children = (
				9CC4886429C3F3D6004D66D6 /* ListViewModel.swift */,
			);
			path = Model;
			sourceTree = "<group>";
		};
		B15A1AB1FCA9036CDD8D819B /* Frameworks */ = {
			isa = PBXGroup;
			children = (
				E3BE12FCA81DCF61E553D47D /* Pods_PlanDoList.framework */,
			);
			name = Frameworks;
			sourceTree = "<group>";
		};
		B6465D7229D1F86F0029FD9B /* ThemePickerScreen */ = {
			isa = PBXGroup;
			children = (
				B6465D7329D1F87C0029FD9B /* View */,
				B6465D7629D1F8920029FD9B /* Presenter */,
				B6465D7B29D3C98C0029FD9B /* Model */,
			);
			path = ThemePickerScreen;
			sourceTree = "<group>";
		};
		B6465D7329D1F87C0029FD9B /* View */ = {
			isa = PBXGroup;
			children = (
				B6465D6E29D1F8570029FD9B /* ThemePickerView.swift */,
				B6465D7029D1F86A0029FD9B /* ThemePickerViewController.swift */,
				B6465D7E29D3CE8C0029FD9B /* ThemePickerCollectionVIewCell.swift */,
				B6465D8029D3D1850029FD9B /* SelectionView.swift */,
			);
			path = View;
			sourceTree = "<group>";
		};
		B6465D7629D1F8920029FD9B /* Presenter */ = {
			isa = PBXGroup;
			children = (
				B6465D7429D1F88E0029FD9B /* ThemePickerPresenter.swift */,
			);
			name = Presenter;
			sourceTree = "<group>";
		};
		B6465D7B29D3C98C0029FD9B /* Model */ = {
			isa = PBXGroup;
			children = (
				B6465D7929D3C9840029FD9B /* ThemePickerViewModel.swift */,
				B6465D7C29D3CBA10029FD9B /* ColorTheme.swift */,
				B6465D8229D544180029FD9B /* ColorThemeAttributeTransformer.swift */,
			);
			path = Model;
			sourceTree = "<group>";
		};
		B6D4F10429DBE722002553B8 /* ModelManagers */ = {
			isa = PBXGroup;
			children = (
				B6D4F10529DBE735002553B8 /* ListManagers */,
				9C2B2B0829ABADB000BD8F63 /* ModelManagerBuilder.swift */,
				9C1380A129A47E5100BE1486 /* GroupManager.swift */,
				9C6C1C3629B481EA00DBB1A2 /* TaskManager.swift */,
				B6465D6829CF73DE0029FD9B /* TaskCounter.swift */,
			);
			path = ModelManagers;
			sourceTree = "<group>";
		};
		B6D4F10529DBE735002553B8 /* ListManagers */ = {
			isa = PBXGroup;
			children = (
				9CC4886129C3F0A6004D66D6 /* BasicListManagerProtocol.swift */,
				9C2B2B0629ABA8D400BD8F63 /* ListManager.swift */,
				9CA22D4329C17E6700FC83C6 /* MyDayListManager.swift */,
				9C3D1A3029C7F4E2001DABCC /* IncomeListManager.swift */,
				9C3D1A4229C95E86001DABCC /* ImportantListManager.swift */,
				9C3D1A4D29C96796001DABCC /* PlannedListManager.swift */,
			);
			path = ListManagers;
			sourceTree = "<group>";
		};
/* End PBXGroup section */

/* Begin PBXNativeTarget section */
		9C13807229A4615F00BE1486 /* PlanDoList */ = {
			isa = PBXNativeTarget;
			buildConfigurationList = 9C13808A29A4616100BE1486 /* Build configuration list for PBXNativeTarget "PlanDoList" */;
			buildPhases = (
				2EC7DA9A6FE3F3CF002F26C1 /* [CP] Check Pods Manifest.lock */,
				9C13806F29A4615F00BE1486 /* Sources */,
				9C13807029A4615F00BE1486 /* Frameworks */,
				9C13807129A4615F00BE1486 /* Resources */,
				A05C5AA0691B385FA3D48A0B /* [CP] Embed Pods Frameworks */,
			);
			buildRules = (
			);
			dependencies = (
			);
			name = PlanDoList;
			productName = PlanDoList;
			productReference = 9C13807329A4615F00BE1486 /* PlanDoList.app */;
			productType = "com.apple.product-type.application";
		};
/* End PBXNativeTarget section */

/* Begin PBXProject section */
		9C13806B29A4615F00BE1486 /* Project object */ = {
			isa = PBXProject;
			attributes = {
				BuildIndependentTargetsInParallel = 1;
				LastSwiftUpdateCheck = 1420;
				LastUpgradeCheck = 1420;
				TargetAttributes = {
					9C13807229A4615F00BE1486 = {
						CreatedOnToolsVersion = 14.2;
					};
				};
			};
			buildConfigurationList = 9C13806E29A4615F00BE1486 /* Build configuration list for PBXProject "PlanDoList" */;
			compatibilityVersion = "Xcode 14.0";
			developmentRegion = en;
			hasScannedForEncodings = 0;
			knownRegions = (
				en,
				Base,
			);
			mainGroup = 9C13806A29A4615F00BE1486;
			productRefGroup = 9C13807429A4615F00BE1486 /* Products */;
			projectDirPath = "";
			projectRoot = "";
			targets = (
				9C13807229A4615F00BE1486 /* PlanDoList */,
			);
		};
/* End PBXProject section */

/* Begin PBXResourcesBuildPhase section */
		9C13807129A4615F00BE1486 /* Resources */ = {
			isa = PBXResourcesBuildPhase;
			buildActionMask = 2147483647;
			files = (
				9C13808629A4616100BE1486 /* LaunchScreen.storyboard in Resources */,
				9C13808329A4616100BE1486 /* Assets.xcassets in Resources */,
			);
			runOnlyForDeploymentPostprocessing = 0;
		};
/* End PBXResourcesBuildPhase section */

/* Begin PBXShellScriptBuildPhase section */
		2EC7DA9A6FE3F3CF002F26C1 /* [CP] Check Pods Manifest.lock */ = {
			isa = PBXShellScriptBuildPhase;
			buildActionMask = 2147483647;
			files = (
			);
			inputFileListPaths = (
			);
			inputPaths = (
				"${PODS_PODFILE_DIR_PATH}/Podfile.lock",
				"${PODS_ROOT}/Manifest.lock",
			);
			name = "[CP] Check Pods Manifest.lock";
			outputFileListPaths = (
			);
			outputPaths = (
				"$(DERIVED_FILE_DIR)/Pods-PlanDoList-checkManifestLockResult.txt",
			);
			runOnlyForDeploymentPostprocessing = 0;
			shellPath = /bin/sh;
			shellScript = "diff \"${PODS_PODFILE_DIR_PATH}/Podfile.lock\" \"${PODS_ROOT}/Manifest.lock\" > /dev/null\nif [ $? != 0 ] ; then\n    # print error to STDERR\n    echo \"error: The sandbox is not in sync with the Podfile.lock. Run 'pod install' or update your CocoaPods installation.\" >&2\n    exit 1\nfi\n# This output is used by Xcode 'outputs' to avoid re-running this script phase.\necho \"SUCCESS\" > \"${SCRIPT_OUTPUT_FILE_0}\"\n";
			showEnvVarsInLog = 0;
		};
		A05C5AA0691B385FA3D48A0B /* [CP] Embed Pods Frameworks */ = {
			isa = PBXShellScriptBuildPhase;
			buildActionMask = 2147483647;
			files = (
			);
			inputFileListPaths = (
				"${PODS_ROOT}/Target Support Files/Pods-PlanDoList/Pods-PlanDoList-frameworks-${CONFIGURATION}-input-files.xcfilelist",
			);
			name = "[CP] Embed Pods Frameworks";
			outputFileListPaths = (
				"${PODS_ROOT}/Target Support Files/Pods-PlanDoList/Pods-PlanDoList-frameworks-${CONFIGURATION}-output-files.xcfilelist",
			);
			runOnlyForDeploymentPostprocessing = 0;
			shellPath = /bin/sh;
			shellScript = "\"${PODS_ROOT}/Target Support Files/Pods-PlanDoList/Pods-PlanDoList-frameworks.sh\"\n";
			showEnvVarsInLog = 0;
		};
/* End PBXShellScriptBuildPhase section */

/* Begin PBXSourcesBuildPhase section */
		9C13806F29A4615F00BE1486 /* Sources */ = {
			isa = PBXSourcesBuildPhase;
			buildActionMask = 2147483647;
			files = (
				9C2B2B1129AF0E0D00BD8F63 /* AddTaskView.swift in Sources */,
				9C1380B029A48A6100BE1486 /* MainCoordinator.swift in Sources */,
				9CA22D4429C17E6700FC83C6 /* MyDayListManager.swift in Sources */,
				9C6C1C4A29B6CEEF00DBB1A2 /* SubtaskTableViewDataSource.swift in Sources */,
				9C3D1A4E29C96796001DABCC /* PlannedListManager.swift in Sources */,
				9C3D1A4B29C966CB001DABCC /* PlannedListPresenter.swift in Sources */,
				9C6C1C2F29B4810600DBB1A2 /* TaskViewController.swift in Sources */,
				9C13809029A4752300BE1486 /* CoreDataStack.swift in Sources */,
				9C6C1C4C29B6D06E00DBB1A2 /* SubtaskTableViewCell.swift in Sources */,
				9C13809929A47BEE00BE1486 /* Group+CoreDataClass.swift in Sources */,
				9C44CCA829C0047C0007555E /* Group+CoreDataProperties.swift in Sources */,
				9C1380AE29A48A0500BE1486 /* HomeViewController.swift in Sources */,
				9C3D1A4329C95E86001DABCC /* ImportantListManager.swift in Sources */,
				9C3D1A3129C7F4E2001DABCC /* IncomeListManager.swift in Sources */,
				9CA22D3E29C17B2A00FC83C6 /* MyDayView.swift in Sources */,
				B6465D6929CF73DE0029FD9B /* TaskCounter.swift in Sources */,
				9C3D1A2829C7EFAE001DABCC /* IncomeViewController.swift in Sources */,
				9C6C1C3E29B50E4F00DBB1A2 /* NewSubtaskCell.swift in Sources */,
				B6465D6F29D1F8570029FD9B /* ThemePickerView.swift in Sources */,
				9C1380AA29A489ED00BE1486 /* HomePresenter.swift in Sources */,
				B6D4F10729DBE822002553B8 /* NotificationManager.swift in Sources */,
				9CC4885E29C3EFDE004D66D6 /* BasicListPresenter.swift in Sources */,
				9C1380B429A48E0100BE1486 /* Coordinator.swift in Sources */,
				9C6C1C3429B4813500DBB1A2 /* TaskPresenter.swift in Sources */,
				B6465D6D29D139C90029FD9B /* UIStackView + isHidden.swift in Sources */,
				B6465D7F29D3CE8C0029FD9B /* ThemePickerCollectionVIewCell.swift in Sources */,
				9C3D1A2E29C7EFD9001DABCC /* IncomeListPresenter.swift in Sources */,
				9C13807729A4615F00BE1486 /* AppDelegate.swift in Sources */,
				9C3D1A3629C94767001DABCC /* BasicListViewController.swift in Sources */,
				9C2B2B0529AB202200BD8F63 /* ListView.swift in Sources */,
				9CA22D3929C14CA900FC83C6 /* ListHeaderView.swift in Sources */,
				B6465D7829D206960029FD9B /* BottomSheetView.swift in Sources */,
				9C6C1C3729B481EA00DBB1A2 /* TaskManager.swift in Sources */,
				B6465D8529DA7F930029FD9B /* TaskViewHeader.swift in Sources */,
				9C2B2B0729ABA8D400BD8F63 /* ListManager.swift in Sources */,
				B6B1E7D429CB5BBD007E4E00 /* UIColor+RGB.swift in Sources */,
				9C13809C29A47BEE00BE1486 /* Subtask+CoreDataProperties.swift in Sources */,
				9C2B2B0B29AE2E9D00BD8F63 /* TaskTableViewCell.swift in Sources */,
				9C3D1A3B29C95D6C001DABCC /* ImportantViewController.swift in Sources */,
				9C6C1C4E29B6D5B100DBB1A2 /* AppConstants.swift in Sources */,
				B6465D8329D544180029FD9B /* ColorThemeAttributeTransformer.swift in Sources */,
				9C2B2B1329AF0E1800BD8F63 /* AddTaskPresenter.swift in Sources */,
				9C2B2B0929ABADB000BD8F63 /* ModelManagerBuilder.swift in Sources */,
				9C6C1C4429B50E9700DBB1A2 /* DatePickerCell.swift in Sources */,
				9C2B2B0E29AF0DF700BD8F63 /* AddTaskViewController.swift in Sources */,
				9CC4886229C3F0A6004D66D6 /* BasicListManagerProtocol.swift in Sources */,
				9C3D1A4629C966B0001DABCC /* PlannedViewController.swift in Sources */,
				9C6C1C4029B50E5F00DBB1A2 /* MyDayCell.swift in Sources */,
				9C13809D29A47BEE00BE1486 /* Task+CoreDataClass.swift in Sources */,
				B6465D7529D1F88E0029FD9B /* ThemePickerPresenter.swift in Sources */,
				9C13809F29A47BEE00BE1486 /* List+CoreDataClass.swift in Sources */,
				9C6C1C3C29B50E3D00DBB1A2 /* SubtasksListCell.swift in Sources */,
				9C44CCAD29C011C70007555E /* PlanDoList.xcdatamodeld in Sources */,
				9CA22D4129C17B5300FC83C6 /* MyDayPresenter.swift in Sources */,
				9C13809A29A47BEE00BE1486 /* List+CoreDataProperties.swift in Sources */,
				9C1380A029A47BEE00BE1486 /* Subtask+CoreDataClass.swift in Sources */,
				9C13809B29A47BEE00BE1486 /* Task+CoreDataProperties.swift in Sources */,
				9C6C1C4629B50EAD00DBB1A2 /* AttachementsCell.swift in Sources */,
				9C13807929A4615F00BE1486 /* SceneDelegate.swift in Sources */,
				9C3D1A4929C966BE001DABCC /* PlannedView.swift in Sources */,
				9C3D1A2C29C7EFCA001DABCC /* IncomeView.swift in Sources */,
				B6465D7D29D3CBA10029FD9B /* ColorTheme.swift in Sources */,
				9C6C1C3229B4812900DBB1A2 /* TaskView.swift in Sources */,
				9C2B2AF829A76DCE00BD8F63 /* HomeCollectionViewCell.swift in Sources */,
				B6465D6729CF61190029FD9B /* UIButton+Animations.swift in Sources */,
				B6465D7129D1F86A0029FD9B /* ThemePickerViewController.swift in Sources */,
				9C3D1A3829C949DA001DABCC /* BasicListView.swift in Sources */,
				9C6C1C4829B50EB800DBB1A2 /* NotesCell.swift in Sources */,
				9C6C1C4229B50E7F00DBB1A2 /* DateCell.swift in Sources */,
				9C2B2AFE29AB159E00BD8F63 /* ListViewController.swift in Sources */,
				9C2B2B0229AB15C600BD8F63 /* ListPresenter.swift in Sources */,
				9C3D1A4029C95D8C001DABCC /* ImportantListPresenter.swift in Sources */,
				9C2B2AFA29A7702B00BD8F63 /* HomeViewModel.swift in Sources */,
				9CA22D3C29C17B1200FC83C6 /* MyDayViewController.swift in Sources */,
				9C1380B229A48A6C00BE1486 /* MainBuilder.swift in Sources */,
				9CC4886529C3F3D6004D66D6 /* ListViewModel.swift in Sources */,
				9C1380AC29A489F800BE1486 /* HomeView.swift in Sources */,
				9C1380A229A47E5100BE1486 /* GroupManager.swift in Sources */,
				9CC4886029C3F08A004D66D6 /* BasicListViewProtocol.swift in Sources */,
				B6465D7A29D3C9840029FD9B /* ThemePickerViewModel.swift in Sources */,
				9C3D1A3E29C95D7F001DABCC /* ImportantListView.swift in Sources */,
				B6465D8129D3D1850029FD9B /* SelectionView.swift in Sources */,
			);
			runOnlyForDeploymentPostprocessing = 0;
		};
/* End PBXSourcesBuildPhase section */

/* Begin PBXVariantGroup section */
		9C13808429A4616100BE1486 /* LaunchScreen.storyboard */ = {
			isa = PBXVariantGroup;
			children = (
				9C13808529A4616100BE1486 /* Base */,
			);
			name = LaunchScreen.storyboard;
			sourceTree = "<group>";
		};
/* End PBXVariantGroup section */

/* Begin XCBuildConfiguration section */
		9C13808829A4616100BE1486 /* Debug */ = {
			isa = XCBuildConfiguration;
			buildSettings = {
				ALWAYS_SEARCH_USER_PATHS = NO;
				CLANG_ANALYZER_NONNULL = YES;
				CLANG_ANALYZER_NUMBER_OBJECT_CONVERSION = YES_AGGRESSIVE;
				CLANG_CXX_LANGUAGE_STANDARD = "gnu++20";
				CLANG_ENABLE_MODULES = YES;
				CLANG_ENABLE_OBJC_ARC = YES;
				CLANG_ENABLE_OBJC_WEAK = YES;
				CLANG_WARN_BLOCK_CAPTURE_AUTORELEASING = YES;
				CLANG_WARN_BOOL_CONVERSION = YES;
				CLANG_WARN_COMMA = YES;
				CLANG_WARN_CONSTANT_CONVERSION = YES;
				CLANG_WARN_DEPRECATED_OBJC_IMPLEMENTATIONS = YES;
				CLANG_WARN_DIRECT_OBJC_ISA_USAGE = YES_ERROR;
				CLANG_WARN_DOCUMENTATION_COMMENTS = YES;
				CLANG_WARN_EMPTY_BODY = YES;
				CLANG_WARN_ENUM_CONVERSION = YES;
				CLANG_WARN_INFINITE_RECURSION = YES;
				CLANG_WARN_INT_CONVERSION = YES;
				CLANG_WARN_NON_LITERAL_NULL_CONVERSION = YES;
				CLANG_WARN_OBJC_IMPLICIT_RETAIN_SELF = YES;
				CLANG_WARN_OBJC_LITERAL_CONVERSION = YES;
				CLANG_WARN_OBJC_ROOT_CLASS = YES_ERROR;
				CLANG_WARN_QUOTED_INCLUDE_IN_FRAMEWORK_HEADER = YES;
				CLANG_WARN_RANGE_LOOP_ANALYSIS = YES;
				CLANG_WARN_STRICT_PROTOTYPES = YES;
				CLANG_WARN_SUSPICIOUS_MOVE = YES;
				CLANG_WARN_UNGUARDED_AVAILABILITY = YES_AGGRESSIVE;
				CLANG_WARN_UNREACHABLE_CODE = YES;
				CLANG_WARN__DUPLICATE_METHOD_MATCH = YES;
				COPY_PHASE_STRIP = NO;
				DEBUG_INFORMATION_FORMAT = dwarf;
				ENABLE_STRICT_OBJC_MSGSEND = YES;
				ENABLE_TESTABILITY = YES;
				GCC_C_LANGUAGE_STANDARD = gnu11;
				GCC_DYNAMIC_NO_PIC = NO;
				GCC_NO_COMMON_BLOCKS = YES;
				GCC_OPTIMIZATION_LEVEL = 0;
				GCC_PREPROCESSOR_DEFINITIONS = (
					"DEBUG=1",
					"$(inherited)",
				);
				GCC_WARN_64_TO_32_BIT_CONVERSION = YES;
				GCC_WARN_ABOUT_RETURN_TYPE = YES_ERROR;
				GCC_WARN_UNDECLARED_SELECTOR = YES;
				GCC_WARN_UNINITIALIZED_AUTOS = YES_AGGRESSIVE;
				GCC_WARN_UNUSED_FUNCTION = YES;
				GCC_WARN_UNUSED_VARIABLE = YES;
				IPHONEOS_DEPLOYMENT_TARGET = 14.0;
				MTL_ENABLE_DEBUG_INFO = INCLUDE_SOURCE;
				MTL_FAST_MATH = YES;
				ONLY_ACTIVE_ARCH = YES;
				SDKROOT = iphoneos;
				SWIFT_ACTIVE_COMPILATION_CONDITIONS = DEBUG;
				SWIFT_OPTIMIZATION_LEVEL = "-Onone";
			};
			name = Debug;
		};
		9C13808929A4616100BE1486 /* Release */ = {
			isa = XCBuildConfiguration;
			buildSettings = {
				ALWAYS_SEARCH_USER_PATHS = NO;
				CLANG_ANALYZER_NONNULL = YES;
				CLANG_ANALYZER_NUMBER_OBJECT_CONVERSION = YES_AGGRESSIVE;
				CLANG_CXX_LANGUAGE_STANDARD = "gnu++20";
				CLANG_ENABLE_MODULES = YES;
				CLANG_ENABLE_OBJC_ARC = YES;
				CLANG_ENABLE_OBJC_WEAK = YES;
				CLANG_WARN_BLOCK_CAPTURE_AUTORELEASING = YES;
				CLANG_WARN_BOOL_CONVERSION = YES;
				CLANG_WARN_COMMA = YES;
				CLANG_WARN_CONSTANT_CONVERSION = YES;
				CLANG_WARN_DEPRECATED_OBJC_IMPLEMENTATIONS = YES;
				CLANG_WARN_DIRECT_OBJC_ISA_USAGE = YES_ERROR;
				CLANG_WARN_DOCUMENTATION_COMMENTS = YES;
				CLANG_WARN_EMPTY_BODY = YES;
				CLANG_WARN_ENUM_CONVERSION = YES;
				CLANG_WARN_INFINITE_RECURSION = YES;
				CLANG_WARN_INT_CONVERSION = YES;
				CLANG_WARN_NON_LITERAL_NULL_CONVERSION = YES;
				CLANG_WARN_OBJC_IMPLICIT_RETAIN_SELF = YES;
				CLANG_WARN_OBJC_LITERAL_CONVERSION = YES;
				CLANG_WARN_OBJC_ROOT_CLASS = YES_ERROR;
				CLANG_WARN_QUOTED_INCLUDE_IN_FRAMEWORK_HEADER = YES;
				CLANG_WARN_RANGE_LOOP_ANALYSIS = YES;
				CLANG_WARN_STRICT_PROTOTYPES = YES;
				CLANG_WARN_SUSPICIOUS_MOVE = YES;
				CLANG_WARN_UNGUARDED_AVAILABILITY = YES_AGGRESSIVE;
				CLANG_WARN_UNREACHABLE_CODE = YES;
				CLANG_WARN__DUPLICATE_METHOD_MATCH = YES;
				COPY_PHASE_STRIP = NO;
				DEBUG_INFORMATION_FORMAT = "dwarf-with-dsym";
				ENABLE_NS_ASSERTIONS = NO;
				ENABLE_STRICT_OBJC_MSGSEND = YES;
				GCC_C_LANGUAGE_STANDARD = gnu11;
				GCC_NO_COMMON_BLOCKS = YES;
				GCC_WARN_64_TO_32_BIT_CONVERSION = YES;
				GCC_WARN_ABOUT_RETURN_TYPE = YES_ERROR;
				GCC_WARN_UNDECLARED_SELECTOR = YES;
				GCC_WARN_UNINITIALIZED_AUTOS = YES_AGGRESSIVE;
				GCC_WARN_UNUSED_FUNCTION = YES;
				GCC_WARN_UNUSED_VARIABLE = YES;
				IPHONEOS_DEPLOYMENT_TARGET = 14.0;
				MTL_ENABLE_DEBUG_INFO = NO;
				MTL_FAST_MATH = YES;
				SDKROOT = iphoneos;
				SWIFT_COMPILATION_MODE = wholemodule;
				SWIFT_OPTIMIZATION_LEVEL = "-O";
				VALIDATE_PRODUCT = YES;
			};
			name = Release;
		};
		9C13808B29A4616100BE1486 /* Debug */ = {
			isa = XCBuildConfiguration;
			baseConfigurationReference = 685F3B60D3C53BCFE1E7D5D8 /* Pods-PlanDoList.debug.xcconfig */;
			buildSettings = {
				ASSETCATALOG_COMPILER_APPICON_NAME = AppIcon;
				ASSETCATALOG_COMPILER_GLOBAL_ACCENT_COLOR_NAME = AccentColor;
				ASSETCATALOG_COMPILER_INCLUDE_ALL_APPICON_ASSETS = YES;
				CODE_SIGN_STYLE = Automatic;
				CURRENT_PROJECT_VERSION = 1;
				DEVELOPMENT_TEAM = D5XZHDVBDY;
				GENERATE_INFOPLIST_FILE = YES;
				INFOPLIST_FILE = PlanDoList/Info.plist;
				INFOPLIST_KEY_UIApplicationSupportsIndirectInputEvents = YES;
				INFOPLIST_KEY_UILaunchStoryboardName = LaunchScreen;
				INFOPLIST_KEY_UISupportedInterfaceOrientations = UIInterfaceOrientationPortrait;
				INFOPLIST_KEY_UISupportedInterfaceOrientations_iPad = "UIInterfaceOrientationLandscapeLeft UIInterfaceOrientationLandscapeRight UIInterfaceOrientationPortrait UIInterfaceOrientationPortraitUpsideDown";
				IPHONEOS_DEPLOYMENT_TARGET = 14.0;
				LD_RUNPATH_SEARCH_PATHS = (
					"$(inherited)",
					"@executable_path/Frameworks",
				);
				MARKETING_VERSION = 1.0;
				PRODUCT_BUNDLE_IDENTIFIER = com.artemykv.PlanDoList;
				PRODUCT_NAME = "$(TARGET_NAME)";
				SUPPORTED_PLATFORMS = "iphoneos iphonesimulator";
				SUPPORTS_MACCATALYST = NO;
				SUPPORTS_MAC_DESIGNED_FOR_IPHONE_IPAD = YES;
				SWIFT_EMIT_LOC_STRINGS = YES;
				SWIFT_VERSION = 5.0;
				TARGETED_DEVICE_FAMILY = 1;
			};
			name = Debug;
		};
		9C13808C29A4616100BE1486 /* Release */ = {
			isa = XCBuildConfiguration;
			baseConfigurationReference = 841BC357EF6F06C073572DC8 /* Pods-PlanDoList.release.xcconfig */;
			buildSettings = {
				ASSETCATALOG_COMPILER_APPICON_NAME = AppIcon;
				ASSETCATALOG_COMPILER_GLOBAL_ACCENT_COLOR_NAME = AccentColor;
				ASSETCATALOG_COMPILER_INCLUDE_ALL_APPICON_ASSETS = YES;
				CODE_SIGN_STYLE = Automatic;
				CURRENT_PROJECT_VERSION = 1;
				DEVELOPMENT_TEAM = D5XZHDVBDY;
				GENERATE_INFOPLIST_FILE = YES;
				INFOPLIST_FILE = PlanDoList/Info.plist;
				INFOPLIST_KEY_UIApplicationSupportsIndirectInputEvents = YES;
				INFOPLIST_KEY_UILaunchStoryboardName = LaunchScreen;
				INFOPLIST_KEY_UISupportedInterfaceOrientations = UIInterfaceOrientationPortrait;
				INFOPLIST_KEY_UISupportedInterfaceOrientations_iPad = "UIInterfaceOrientationLandscapeLeft UIInterfaceOrientationLandscapeRight UIInterfaceOrientationPortrait UIInterfaceOrientationPortraitUpsideDown";
				IPHONEOS_DEPLOYMENT_TARGET = 14.0;
				LD_RUNPATH_SEARCH_PATHS = (
					"$(inherited)",
					"@executable_path/Frameworks",
				);
				MARKETING_VERSION = 1.0;
				PRODUCT_BUNDLE_IDENTIFIER = com.artemykv.PlanDoList;
				PRODUCT_NAME = "$(TARGET_NAME)";
				SUPPORTED_PLATFORMS = "iphoneos iphonesimulator";
				SUPPORTS_MACCATALYST = NO;
				SUPPORTS_MAC_DESIGNED_FOR_IPHONE_IPAD = YES;
				SWIFT_EMIT_LOC_STRINGS = YES;
				SWIFT_VERSION = 5.0;
				TARGETED_DEVICE_FAMILY = 1;
			};
			name = Release;
		};
/* End XCBuildConfiguration section */

/* Begin XCConfigurationList section */
		9C13806E29A4615F00BE1486 /* Build configuration list for PBXProject "PlanDoList" */ = {
			isa = XCConfigurationList;
			buildConfigurations = (
				9C13808829A4616100BE1486 /* Debug */,
				9C13808929A4616100BE1486 /* Release */,
			);
			defaultConfigurationIsVisible = 0;
			defaultConfigurationName = Release;
		};
		9C13808A29A4616100BE1486 /* Build configuration list for PBXNativeTarget "PlanDoList" */ = {
			isa = XCConfigurationList;
			buildConfigurations = (
				9C13808B29A4616100BE1486 /* Debug */,
				9C13808C29A4616100BE1486 /* Release */,
			);
			defaultConfigurationIsVisible = 0;
			defaultConfigurationName = Release;
		};
/* End XCConfigurationList section */

/* Begin XCVersionGroup section */
		9C44CCAB29C011C70007555E /* PlanDoList.xcdatamodeld */ = {
			isa = XCVersionGroup;
			children = (
				9C44CCAC29C011C70007555E /* PlanDoList.xcdatamodel */,
			);
			currentVersion = 9C44CCAC29C011C70007555E /* PlanDoList.xcdatamodel */;
			path = PlanDoList.xcdatamodeld;
			sourceTree = "<group>";
			versionGroupType = wrapper.xcdatamodel;
		};
/* End XCVersionGroup section */
	};
	rootObject = 9C13806B29A4615F00BE1486 /* Project object */;
}
